
Microsoft Visual Studio Solution File, Format Version 12.00
# Visual Studio Version 16
VisualStudioVersion = 16.0.30611.23
MinimumVisualStudioVersion = 10.0.40219.1
Project("{FAE04EC0-301F-11D3-BF4B-00C04F79EFBC}") = "Love-Planet", "Love-Planet\Love-Planet.csproj", "{DB5F251E-C834-4487-B556-E5A29AB78362}"
EndProject
Global
	GlobalSection(SolutionConfigurationPlatforms) = preSolution
		Debug|Any CPU = Debug|Any CPU
		Release|Any CPU = Release|Any CPU
	EndGlobalSection
	GlobalSection(ProjectConfigurationPlatforms) = postSolution
		{DB5F251E-C834-4487-B556-E5A29AB78362}.Debug|Any CPU.ActiveCfg = Debug|Any CPU
		{DB5F251E-C834-4487-B556-E5A29AB78362}.Debug|Any CPU.Build.0 = Debug|Any CPU
		{DB5F251E-C834-4487-B556-E5A29AB78362}.Release|Any CPU.ActiveCfg = Release|Any CPU
		{DB5F251E-C834-4487-B556-E5A29AB78362}.Release|Any CPU.Build.0 = Release|Any CPU
	EndGlobalSection
	GlobalSection(SolutionProperties) = preSolution
		HideSolutionNode = FALSE
	EndGlobalSection
	GlobalSection(ExtensibilityGlobals) = postSolution
		SolutionGuid = {F8D70640-C5E2-4662-8E83-451CFDD3EFCA}
	EndGlobalSection
EndGlobal
